
Microsoft Visual Studio Solution File, Format Version 12.00
# Visual Studio 15
VisualStudioVersion = 15.0.28010.2026
MinimumVisualStudioVersion = 10.0.40219.1
Project("{FAE04EC0-301F-11D3-BF4B-00C04F79EFBC}") = "CreationalPatterns", "CreationalPatterns\CreationalPatterns.csproj", "{B2F822C8-17E5-4E66-84D5-F5371450A2D4}"
EndProject
Project("{FAE04EC0-301F-11D3-BF4B-00C04F79EFBC}") = "CodeGym", "CodeGym\CodeGym.csproj", "{6EEC9F88-DCE5-4896-B508-12934E36DB3E}"
EndProject
Project("{FAE04EC0-301F-11D3-BF4B-00C04F79EFBC}") = "TestCreationalPatterns", "TestCreationalPatterns\TestCreationalPatterns.csproj", "{67EC17BE-4E7C-4E57-9420-20C45C0B074D}"
EndProject
Project("{FAE04EC0-301F-11D3-BF4B-00C04F79EFBC}") = "TestCodeGym", "TestCodeGym\TestCodeGym.csproj", "{70E9100C-8359-438C-83FC-BDFEB37F15AE}"
EndProject
Global
	GlobalSection(SolutionConfigurationPlatforms) = preSolution
		Debug|Any CPU = Debug|Any CPU
		Release|Any CPU = Release|Any CPU
	EndGlobalSection
	GlobalSection(ProjectConfigurationPlatforms) = postSolution
		{B2F822C8-17E5-4E66-84D5-F5371450A2D4}.Debug|Any CPU.ActiveCfg = Debug|Any CPU
		{B2F822C8-17E5-4E66-84D5-F5371450A2D4}.Debug|Any CPU.Build.0 = Debug|Any CPU
		{B2F822C8-17E5-4E66-84D5-F5371450A2D4}.Release|Any CPU.ActiveCfg = Release|Any CPU
		{B2F822C8-17E5-4E66-84D5-F5371450A2D4}.Release|Any CPU.Build.0 = Release|Any CPU
		{6EEC9F88-DCE5-4896-B508-12934E36DB3E}.Debug|Any CPU.ActiveCfg = Debug|Any CPU
		{6EEC9F88-DCE5-4896-B508-12934E36DB3E}.Debug|Any CPU.Build.0 = Debug|Any CPU
		{6EEC9F88-DCE5-4896-B508-12934E36DB3E}.Release|Any CPU.ActiveCfg = Release|Any CPU
		{6EEC9F88-DCE5-4896-B508-12934E36DB3E}.Release|Any CPU.Build.0 = Release|Any CPU
		{67EC17BE-4E7C-4E57-9420-20C45C0B074D}.Debug|Any CPU.ActiveCfg = Debug|Any CPU
		{67EC17BE-4E7C-4E57-9420-20C45C0B074D}.Debug|Any CPU.Build.0 = Debug|Any CPU
		{67EC17BE-4E7C-4E57-9420-20C45C0B074D}.Release|Any CPU.ActiveCfg = Release|Any CPU
		{67EC17BE-4E7C-4E57-9420-20C45C0B074D}.Release|Any CPU.Build.0 = Release|Any CPU
		{70E9100C-8359-438C-83FC-BDFEB37F15AE}.Debug|Any CPU.ActiveCfg = Debug|Any CPU
		{70E9100C-8359-438C-83FC-BDFEB37F15AE}.Debug|Any CPU.Build.0 = Debug|Any CPU
		{70E9100C-8359-438C-83FC-BDFEB37F15AE}.Release|Any CPU.ActiveCfg = Release|Any CPU
		{70E9100C-8359-438C-83FC-BDFEB37F15AE}.Release|Any CPU.Build.0 = Release|Any CPU
	EndGlobalSection
	GlobalSection(SolutionProperties) = preSolution
		HideSolutionNode = FALSE
	EndGlobalSection
	GlobalSection(ExtensibilityGlobals) = postSolution
		SolutionGuid = {4D56ED6A-6BCC-4AE7-A5FF-CDECB0E32C9E}
	EndGlobalSection
EndGlobal
